version = 1
revision = 3
requires-python = ">=3.13"

[[package]]
name = "another-arrow-rt265"
version = "3.0.0"
source = { editable = "." }
dependencies = [
    { name = "pygame-ce" },
    { name = "ruff" },
    { name = "ty" },
]

[package.dev-dependencies]
dev = [
    { name = "fonttools" },
    { name = "nuitka" },
    { name = "pytest" },
    { name = "uv-build" },
]

[package.metadata]
requires-dist = [
    { name = "pygame-ce", specifier = ">=2.5.8" },
    { name = "ruff", specifier = ">=0.16.7" },
    { name = "ty", specifier = ">=0.0.80" },
]

[package.metadata.requires-dev]
dev = [
    { name = "fonttools", specifier = ">=4.66.0" },
    { name = "nuitka", specifier = ">=4.2.1" },
    { name = "pytest", specifier = ">=9.1.1" },
    { name = "uv-build", specifier = ">=0.12.13,<0.13.0" },
]

[[package]]
name = "colorama"
version = "0.4.6"
source = { registry = "https://pypi.org/simple" }
sdist = { url = "https://files.pythonhosted.org/packages/d8/53/6f443c9a4a8358a93a6792e2acffb9d9d5cb0a5cfd8802644b7b1c9a02e4/colorama-0.4.6.tar.gz", hash = "sha256:08695f5cb7ed6e0531a20572697297273c47b8cae5a63ffc6d6ed5c201be6e44", size = 27697, upload-time = "2022-10-25T02:36:22.414Z" }
wheels = [
    { url = "https://files.pythonhosted.org/packages/d1/d6/3965ed04c63042e047cb6a3e6ed1a63a35087b6a609aa3a15ed8ac56c221/colorama-0.4.6-py2.py3-none-any.whl", hash = "sha256:4f1d9991f5acc0ca119f9d443620b77f9d6b33703e51011c16baf57afb285fc6", size = 25335, upload-time = "2022-10-25T02:36:20.889Z" },
]

[[package]]
name = "fonttools"
version = "4.66.0"
source = { registry = "https://pypi.org/simple" }
sdist = { url = "https://files.pythonhosted.org/packages/a2/24/86f9930b930b97fc82266083320f3c34643ef67261c32651e893db525aca/fonttools-4.66.0.tar.gz", hash = "sha256:ef0610dfe7bb5bf574d9bdad6f597403ebc9807d124ac6f148d7604b2609be98", size = 3692007, upload-time = "2026-09-23T17:59:14.345Z" }
wheels = [
    { url = "https://files.pythonhosted.org/packages/a0/c8/1cf0a4f54c8cf351a4d9f8fcad5201dc0c5fb8676efdb1ba7cc3136ca523/fonttools-4.66.0-cp313-cp313-macosx_10_13_universal2.whl", hash = "sha256:c144e68572af1dfcb05fe065827d0920d4118b265504928e1d2262e3701a25a1", size = 3094615, upload-time = "2026-09-23T17:57:27.942Z" },
    { url = "https://files.pythonhosted.org/packages/c5/ed/89baf1795841eaad6fcf0ee6f319c236f4379dd98653b4bff294b83d4172/fonttools-4.66.0-cp313-cp313-macosx_10_13_x86_64.whl", hash = "sha256:ada87643b20a8fa5763e6dd4fa0f5e2901cbdbe0833deb6d5c5a9c3186782b94", size = 2586645, upload-time = "2026-09-23T17:57:30.248Z" },
    { url = "https://files.pythonhosted.org/packages/56/f9/982609322f92532bdd769a225c9b3e2bbac0a077c37f7780710db9a8e018/fonttools-4.66.0-cp313-cp313-manylinux2014_aarch64.manylinux_2_17_aarch64.manylinux_2_28_aarch64.whl", hash = "sha256:700c448f190cc7bbd9f059bd96131f4770e90938c9692550b142153bea73b14c", size = 5389194, upload-time = "2026-09-23T17:57:33.07Z" },
    { url = "https://files.pythonhosted.org/packages/7d/22/12177031dd8be493d5afda574323da19f6ea5488c85202f3a5708c94757c/fonttools-4.66.0-cp313-cp313-manylinux2014_x86_64.manylinux_2_17_x86_64.whl", hash = "sha256:c519433e8632284dbe64ee4c81b609a17e205bc1afff285553723964880d1c89", size = 5371422, upload-time = "2026-09-23T17:57:35.915Z" },
    { url = "https://files.pythonhosted.org/packages/19/e1/e8ed0950eb846f4a404ff84aea89e4c93393c2475cdfdf1c03a1b3f4e2ef/fonttools-4.66.0-cp313-cp313-musllinux_1_2_aarch64.whl", hash = "sha256:8739d77810aeb6d2ecd55cc2e4864d98a00c317fb6131a6d22ca58b3f50cf22a", size = 5332183, upload-time = "2026-09-23T17:57:39.041Z" },
    { url = "https://files.pythonhosted.org/packages/3e/fb/c0310cf9838859d74130530ef351a903735c6ecf47418d7d0dc4cf459a9b/fonttools-4.66.0-cp313-cp313-musllinux_1_2_x86_64.whl", hash = "sha256:cffa168522a0e057d3a5628c8ebd43ddf66a34613f42e116bffb85b0b32ce5a0", size = 5490019, upload-time = "2026-09-23T17:57:41.945Z" },
    { url = "https://files.pythonhosted.org/packages/a9/7b/928f334aea18c77f6892895bb1e28388c9e2466e04bc924f93043024c780/fonttools-4.66.0-cp313-cp313-win32.whl", hash = "sha256:379b94fe10651d26caf398eb646b3ecde886a9c504d3cce5e46164d58a78e32d", size = 2432785, upload-time = "2026-09-23T17:57:44.484Z" },
    { url = "https://files.pythonhosted.org/packages/fa/5b/576072a97256f06fe6d0112c522c118fe72390482baf52ad9bfa3b0d1db6/fonttools-4.66.0-cp313-cp313-win_amd64.whl", hash = "sha256:ee4f85d1341af630d787514eef1a0e1ad883f9d6c11a4c1465faeb9cd0bb5ced", size = 2484475, upload-time = "2026-09-23T17:57:46.625Z" },
    { url = "https://files.pythonhosted.org/packages/38/e6/2ea45d294ce967a8f76b5dec041abdd71c7abb652c9a81b24592edc00579/fonttools-4.66.0-cp314-cp314-macosx_10_15_universal2.whl", hash = "sha256:ce818581070527883e3678b92b1ac7ed3569e48c80f51b89b264f97d84be2608", size = 3098619, upload-time = "2026-09-23T17:57:48.843Z" },
    { url = "https://files.pythonhosted.org/packages/1a/d5/225d95df6b88df277d86c3d86fdaa73833cd628dc2918fcf7b73133d6f67/fonttools-4.66.0-cp314-cp314-macosx_10_15_x86_64.whl", hash = "sha256:cf0033f343cb1592fb24ae3eaf8b58156f208884ac16991094293ee94c585654", size = 2588128, upload-time = "2026-09-23T17:57:52.041Z" },
    { url = "https://files.pythonhosted.org/packages/15/e6/5892522733dc50b0577693bb164032b47d3504f33ee44d92a1a740d2e89b/fonttools-4.66.0-cp314-cp314-manylinux2014_aarch64.manylinux_2_17_aarch64.manylinux_2_28_aarch64.whl", hash = "sha256:3889fdbe63e85dbf2a0d9d7c9d90746827ce60af2cdd24f0bb4738380a9540eb", size = 5373639, upload-time = "2026-09-23T17:57:54.555Z" },
    { url = "https://files.pythonhosted.org/packages/9a/72/72ec66154babfd53a1c705a9f973c49d12fa81084aa72d939e062242ada1/fonttools-4.66.0-cp314-cp314-manylinux2014_x86_64.manylinux_2_17_x86_64.whl", hash = "sha256:850d50b347f31667d3a277a6e66a4219236db9d98afadb2993b8addf9bd4f593", size = 5317190, upload-time = "2026-09-23T17:57:57.31Z" },
    { url = "https://files.pythonhosted.org/packages/cd/c6/a8ca0334c73d1fa4fae1d423ff92e0b0be0885ed98e866e3478a00ad1a47/fonttools-4.66.0-cp314-cp314-musllinux_1_2_aarch64.whl", hash = "sha256:221defad3b1949c1fdde2558d1fe780d42f926b683a71a46a4495a0e6a6614bd", size = 5315603, upload-time = "2026-09-23T17:57:59.842Z" },
    { url = "https://files.pythonhosted.org/packages/d2/34/d3d4cd925d1a934e841d39a0540539b21e952c40dfac27874bac1392f3d2/fonttools-4.66.0-cp314-cp314-musllinux_1_2_x86_64.whl", hash = "sha256:b02686b2e47115b2378ab6156abd984c776c6faa4f56898fbcc1c30ee387937d", size = 5448784, upload-time = "2026-09-23T17:58:02.669Z" },
    { url = "https://files.pythonhosted.org/packages/61/b9/269bebce24f590d28f2e59fd8808f3282b5f5511a4a95c5f6413f0507993/fonttools-4.66.0-cp314-cp314-win32.whl", hash = "sha256:b46500e4d6f5708a9127ea12902ba54cb0ec594fc6bec649afc53154a1125b2b", size = 2437006, upload-time = "2026-09-23T17:58:05.39Z" },
    { url = "https://files.pythonhosted.org/packages/ca/bd/9c10c9a62a274451f10295c17a01286c7777f44da87cd9f77d08c5a21d4e/fonttools-4.66.0-cp314-cp314-win_amd64.whl", hash = "sha256:0cf33d1041364ebb7a9958db757e213c6d2a238eb41755fbf935db028c2db20f", size = 2489086, upload-time = "2026-09-23T17:58:07.516Z" },
    { url = "https://files.pythonhosted.org/packages/1f/45/c9bc900dca5ed7760c1692a6b1161c380515071da9d855eddedd4bb21fb5/fonttools-4.66.0-cp314-cp314t-macosx_10_15_universal2.whl", hash = "sha256:d2d10f89c4bf7cd42b84695da617f9130fa594647ee74673bf8c8d001fa04ef9", size = 3172290, upload-time = "2026-09-23T17:58:09.975Z" },
    { url = "https://files.pythonhosted.org/packages/bb/82/1017a312eeb373f30d99d032d04bf55a8ea80858f1670b2e12ed90732574/fonttools-4.66.0-cp314-cp314t-macosx_10_15_x86_64.whl", hash = "sha256:135ce8738a6341fbefeedc061e20c2889350e84405abea7e61b1c9d87e1a1f2f", size = 2621293, upload-time = "2026-09-23T17:58:12.309Z" },
    { url = "https://files.pythonhosted.org/packages/af/c3/b54678b08a6637d5a222b68e1f133c58096c664403b9ead1cce4eab53fd1/fonttools-4.66.0-cp314-cp314t-manylinux2014_aarch64.manylinux_2_17_aarch64.manylinux_2_28_aarch64.whl", hash = "sha256:107aae7c38f05561fef5103baa98a44400b5f4c69d87839c9a5f8125405e7d9a", size = 5546296, upload-time = "2026-09-23T17:58:15.041Z" },
    { url = "https://files.pythonhosted.org/packages/98/2c/42e1c39e4025323bf65e042ea7ed709912aebfa22d422a2937da12268331/fonttools-4.66.0-cp314-cp314t-manylinux2014_x86_64.manylinux_2_17_x86_64.whl", hash = "sha256:e4677025ee40b3b1420387ca85f55545b8095f7596c3d5d59552dbee19c91f07", size = 5352908, upload-time = "2026-09-23T17:58:17.77Z" },
    { url = "https://files.pythonhosted.org/packages/f1/66/07a6b9e634d7e0edb3e8f23ebb483479599842093624f13bde44e3c7a4bc/fonttools-4.66.0-cp314-cp314t-musllinux_1_2_aarch64.whl", hash = "sha256:03922992966a1830b94a750961d1ccfe1a7375d792ca61077a5afb719811788a", size = 5413677, upload-time = "2026-09-23T17:58:20.511Z" },
    { url = "https://files.pythonhosted.org/packages/a4/c6/d649d4d09ebbfdb0eb13cdeea731bf9685d184fef716e0c18f7779eb44fb/fonttools-4.66.0-cp314-cp314t-musllinux_1_2_x86_64.whl", hash = "sha256:5dda4087a7f8f0b985995489b3c0115bd117f18c0fc236013a0e78e837bb9ac2", size = 5449024, upload-time = "2026-09-23T17:58:23.302Z" },
    { url = "https://files.pythonhosted.org/packages/04/4c/60c6c9a2bc4cc0ae1012df9084bfe4ba69a1a60df06f30830787a4e6c061/fonttools-4.66.0-cp314-cp314t-win32.whl", hash = "sha256:85e2960a29e6882567b981ba408b5a5ca2d8865b8f67240e1b420348997a13be", size = 2470760, upload-time = "2026-09-23T17:58:25.739Z" },
    { url = "https://files.pythonhosted.org/packages/d1/5e/fd8593bbe3da06d2cbf9c096e17becbb48ace6e7a33e0e5e21f82a55c32c/fonttools-4.66.0-cp314-cp314t-win_amd64.whl", hash = "sha256:8ea6265535b25f8254868f5a212a1c9dbd88c2c4050f3df18d9174949df0d6d9", size = 2520614, upload-time = "2026-09-23T17:58:28.078Z" },
    { url = "https://files.pythonhosted.org/packages/a0/23/f9f265526c6a4096bbe67f45d6ed853519d49ad7e07667bd0c8edb33f7fd/fonttools-4.66.0-cp315-cp315-macosx_10_15_universal2.whl", hash = "sha256:9b0198962bbba64a88bf15dc5d95e4bab8c5208dede22a10fb06280406ed9874", size = 3092996, upload-time = "2026-09-23T17:58:30.828Z" },
    { url = "https://files.pythonhosted.org/packages/a9/25/44d594d7fd703b2c4914b0df728012b8f2e69578de2d9238742c1754243a/fonttools-4.66.0-cp315-cp315-macosx_10_15_x86_64.whl", hash = "sha256:15315302c620e6ce8582934e07932dcf442fc3f59ab208d30564200b9a2f7ea4", size = 2586696, upload-time = "2026-09-23T17:58:33.159Z" },
    { url = "https://files.pythonhosted.org/packages/b5/73/b33888692f06471222a66a79bd7f3e7b9aa9e3d87be6adb794a2ba3dc467/fonttools-4.66.0-cp315-cp315-manylinux2014_aarch64.manylinux_2_17_aarch64.manylinux_2_28_aarch64.whl", hash = "sha256:056641fcedeaad24b92e343e35e9fd1337200c102450678894b17928482d010d", size = 5370868, upload-time = "2026-09-23T17:58:35.93Z" },
    { url = "https://files.pythonhosted.org/packages/34/22/b7fa275e29642ab706bdffc5d02564bf6ade4168bd4c8b98b6ac2a78a653/fonttools-4.66.0-cp315-cp315-manylinux2014_x86_64.manylinux_2_17_x86_64.whl", hash = "sha256:fa995d96ced196388d8ed7a67ee001b181459d230e24bb68b193ae859f5609da", size = 5334214, upload-time = "2026-09-23T17:58:38.966Z" },
    { url = "https://files.pythonhosted.org/packages/b2/69/417f550986631f9b443666b6152c9396830c0bb7a241b2aa235d1faa2500/fonttools-4.66.0-cp315-cp315-musllinux_1_2_aarch64.whl", hash = "sha256:f014bbf05f30731bf8b9f5c7d2b4c0e4f28f375926f95b187f85e0bbceb16029", size = 5311067, upload-time = "2026-09-23T17:58:41.686Z" },
    { url = "https://files.pythonhosted.org/packages/8f/f5/80b8b3b55306975a69995b188d640664b53891509a47e6e19e5496adc529/fonttools-4.66.0-cp315-cp315-musllinux_1_2_x86_64.whl", hash = "sha256:886f3029ea10362c592d2e1a5326a44645b85a2a0be6fdb7c9edbdb60cedb0ab", size = 5458838, upload-time = "2026-09-23T17:58:44.145Z" },
    { url = "https://files.pythonhosted.org/packages/f4/1a/7f5e8b4e0e876a94424faf039e99e09833c3ffb105978e3617a6cba58e92/fonttools-4.66.0-cp315-cp315-win32.whl", hash = "sha256:0640e69b00e089d6b82e0a54e3a03af84b775f1f0b2cbecc1b0d7fe3980a194a", size = 2435840, upload-time = "2026-09-23T17:58:46.482Z" },
    { url = "https://files.pythonhosted.org/packages/e0/8a/91ecd6ed7140e0589538298f941934eaccaf7ab067a60585de3a60ddcc32/fonttools-4.66.0-cp315-cp315-win_amd64.whl", hash = "sha256:a5a0624aaefb0a29e4ed7500a98732a1b0ec2d3040fe86cc8837f82e3fe4f446", size = 2488078, upload-time = "2026-09-23T17:58:49.027Z" },
    { url = "https://files.pythonhosted.org/packages/a5/16/3a82202c98d55aeb53dd1fe5cd295c53b1057a45e6be943a347dba5bc92b/fonttools-4.66.0-cp315-cp315t-macosx_10_15_universal2.whl", hash = "sha256:4bdaf80590fcccb1b9d8e3b8ca72225defb14d03b79788f59781ce1bb66049b9", size = 3163820, upload-time = "2026-09-23T17:58:51.661Z" },
    { url = "https://files.pythonhosted.org/packages/74/06/597c587ec929f18622d0f6ad4aac15a698e5d4e42d291cf051e63fe0d1b0/fonttools-4.66.0-cp315-cp315t-macosx_10_15_x86_64.whl", hash = "sha256:398bfc5ce9055e0b91a6189f8cf462d4230b38f522b2ceaecb4f34cbf4fb5480", size = 2617537, upload-time = "2026-09-23T17:58:54.421Z" },
    { url = "https://files.pythonhosted.org/packages/cc/08/6477bf19e923deb834c4c5866c66f47a679cc0a31028e2240ea58f9c1244/fonttools-4.66.0-cp315-cp315t-manylinux2014_aarch64.manylinux_2_17_aarch64.manylinux_2_28_aarch64.whl", hash = "sha256:fd9297a5f670f3e59ae697289ddad5902d3c4a86188e83e7823bde06334a560c", size = 5524223, upload-time = "2026-09-23T17:58:57.078Z" },
    { url = "https://files.pythonhosted.org/packages/69/2a/3e893827e4d6f8858784f71f0484046626a43e21492d3683b7ea5c7262bb/fonttools-4.66.0-cp315-cp315t-manylinux2014_x86_64.manylinux_2_17_x86_64.whl", hash = "sha256:f2032ac005e14c56e774fd19f2bc1c22c796c0c3b39d91741c0e3f9575944d38", size = 5345920, upload-time = "2026-09-23T17:58:59.848Z" },
    { url = "https://files.pythonhosted.org/packages/22/7a/574cfd9f567231006152694a8904e1cfa2e7ddd2b7476e8e9d1b079278b4/fonttools-4.66.0-cp315-cp315t-musllinux_1_2_aarch64.whl", hash = "sha256:02117d05dddb51e39b5c5a6eed0702ed8e0e1c341cb138101b2446eb479858f8", size = 5392188, upload-time = "2026-09-23T17:59:02.461Z" },
    { url = "https://files.pythonhosted.org/packages/17/15/656c907ef5063eeb9a0f6e36a253c14ffe5d5605009d6c86140234cb0968/fonttools-4.66.0-cp315-cp315t-musllinux_1_2_x86_64.whl", hash = "sha256:6b11180c4166a4fc353bb02b147322b7c454927bba4f5040ccdef109a73f9051", size = 5438594, upload-time = "2026-09-23T17:59:04.967Z" },
    { url = "https://files.pythonhosted.org/packages/5d/82/5df8cfb6c16035a9f0baef4c7b37ae1691e5d9280195459f1eb6f0633014/fonttools-4.66.0-cp315-cp315t-win32.whl", hash = "sha256:6627f48130cdbe04c7e1189bff4192886ecda757f575626ee8468f6580eaecf3", size = 2467910, upload-time = "2026-09-23T17:59:07.332Z" },
    { url = "https://files.pythonhosted.org/packages/fd/cd/3359c485efaed245663bf6f840e1bb45fffa1230b1e9af1880d7d9003e56/fonttools-4.66.0-cp315-cp315t-win_amd64.whl", hash = "sha256:a9a45a23b020e667499fb2dbce0f1373b1b1b8cf88e47f3031e69ef3ea21f3ee", size = 2516298, upload-time = "2026-09-23T17:59:09.934Z" },
    { url = "https://files.pythonhosted.org/packages/83/65/826290863c9df6041f2e36a5ae5d604cd8247fffc8ec7b45581fd2473e4d/fonttools-4.66.0-py3-none-any.whl", hash = "sha256:bc7b7ddc1a1f46c363354304e9a8dd93722e4a6a24f785015650898dacf40df9", size = 1201583, upload-time = "2026-09-23T17:59:12.104Z" },
]

[[package]]
name = "iniconfig"
version = "2.3.0"
source = { registry = "https://pypi.org/simple" }
sdist = { url = "https://files.pythonhosted.org/packages/72/34/14ca021ce8e5dfedc35312d08ba8bf51fdd999c576889fc2c24cb97f4f10/iniconfig-2.3.0.tar.gz", hash = "sha256:c76315c77db068650d49c5b56314774a7804df16fee4402c1f19d6d15d8c4730", size = 20503, upload-time = "2025-10-18T21:55:43.219Z" }
wheels = [
    { url = "https://files.pythonhosted.org/packages/cb/b1/3846dd7f199d53cb17f49cba7e651e9ce294d8497c8c150530ed11865bb8/iniconfig-2.3.0-py3-none-any.whl", hash = "sha256:f631c04d2c48c52b84d0d0549c99ff3859c98df65b3101406327ecc7d53fbf12", size = 7484, upload-time = "2025-10-18T21:55:41.639Z" },
]

[[package]]
name = "nuitka"
version = "4.2.1"
source = { registry = "https://pypi.org/simple" }
sdist = { url = "https://files.pythonhosted.org/packages/c7/ce/38409fc853cc26d86ab71ccd53f7dfddbc7a84d4821b9b54db428b35779b/nuitka-4.2.1.tar.gz", hash = "sha256:815c6e571a7a6424af384fe9d95d4ba38f1634d39a5515e8094d7fbfa090cbcb", size = 4632551, upload-time = "2026-09-05T08:08:19.117Z" }

[[package]]
name = "packaging"
version = "26.3"
source = { registry = "https://pypi.org/simple" }
sdist = { url = "https://files.pythonhosted.org/packages/7d/fa/3944b40b07da9ce895c0e6303a5ab7d53da063554f534556b134a54d6093/packaging-26.3.tar.gz", hash = "sha256:94edc256424af38762eb31306eed28beb9f0efc50a8837492c9d6fd6004aed79", size = 313412, upload-time = "2026-08-04T18:15:28.737Z" }
wheels = [
    { url = "https://files.pythonhosted.org/packages/63/34/ba1c580383c9eada3711951fef0795c80b829a078d72188184bcab9dd527/packaging-26.3-py3-none-any.whl", hash = "sha256:d7193f7c8e4e93f444fde0262bf90af30e16fa0ad0ad44cb553c87339b23cd1c", size = 129956, upload-time = "2026-08-04T18:15:27.159Z" },
]

[[package]]
name = "pluggy"
version = "1.6.0"
source = { registry = "https://pypi.org/simple" }
sdist = { url = "https://files.pythonhosted.org/packages/f9/e2/3e91f31a7d2b083fe6ef3fa267035b518369d9511ffab804f839851d2779/pluggy-1.6.0.tar.gz", hash = "sha256:7dcc130b76258d33b90f61b658791dede3486c3e6bfb003ee5c9bfb396dd22f3", size = 69412, upload-time = "2025-05-15T12:30:07.975Z" }
wheels = [
    { url = "https://files.pythonhosted.org/packages/54/20/4d324d65cc6d9205fabedc306948156824eb9f0ee1633355a8f7ec5c66bf/pluggy-1.6.0-py3-none-any.whl", hash = "sha256:e920276dd6813095e9377c0bc5566d94c932c33b27a3e3945d8389c374dd4746", size = 20538, upload-time = "2025-05-15T12:30:06.134Z" },
]

[[package]]
name = "pygame-ce"
version = "2.5.8"
source = { registry = "https://pypi.org/simple" }
sdist = { url = "https://files.pythonhosted.org/packages/26/2d/0f942ec31d558a6a1f2fd0df9965ff0055f165ed5b8d36f6509b1f3768a2/pygame_ce-2.5.8.tar.gz", hash = "sha256:3c8e69088ead310037972c391306ea58e74d7296b35d1890067749235fd554ba", size = 5300831, upload-time = "2026-08-09T11:39:49.226Z" }
wheels = [
    { url = "https://files.pythonhosted.org/packages/8a/06/f2e2d9fe3eb2dc1fde30b90e250274e85ba355af729892ac71ba653924a1/pygame_ce-2.5.8-cp313-cp313-macosx_10_13_universal2.whl", hash = "sha256:56441a9bb75c2461750dc0e6e4a46e3833b3cf6339bfbaf16f93ecac037510f3", size = 16562516, upload-time = "2026-08-09T11:38:42.311Z" },
    { url = "https://files.pythonhosted.org/packages/4d/fe/4be67df98bb05f7b024900f80fe4d07a72cec7022262d17c449b2a9f6034/pygame_ce-2.5.8-cp313-cp313-manylinux2014_aarch64.manylinux_2_17_aarch64.whl", hash = "sha256:e3183bc0d808e739ca2400df45a5bfae10704ccbcacab0f04f9adc9027e86427", size = 12045702, upload-time = "2026-08-09T11:38:44.903Z" },
    { url = "https://files.pythonhosted.org/packages/5d/8f/f7d283799aaa2208c1276f085d514f2ac37ce1bb5df940c7cbac7e6a6320/pygame_ce-2.5.8-cp313-cp313-manylinux2014_i686.manylinux_2_17_i686.whl", hash = "sha256:841aecccb498419367936bea0b1b0c6e9d635dc81c41ef26ec1769158f1ab871", size = 12585829, upload-time = "2026-08-09T11:38:47.507Z" },
    { url = "https://files.pythonhosted.org/packages/27/4d/03fd52c7f958b8e929757a118cada9aee16ae9d4fd84f2682ee0cbd3941d/pygame_ce-2.5.8-cp313-cp313-manylinux2014_x86_64.manylinux_2_17_x86_64.whl", hash = "sha256:5bb966b610e161a8f6d908b4c62ef3a1f3e922bc7bed73bd70a3e15dc780b90e", size = 12145623, upload-time = "2026-08-09T11:38:49.87Z" },
    { url = "https://files.pythonhosted.org/packages/6e/61/c02613190a3256a656258bb4f677aecc09c3cb1f5521490ce7d5fb6308dd/pygame_ce-2.5.8-cp313-cp313-win32.whl", hash = "sha256:cab944d76af71e707803856b4db984ca90d9d6453e470e89771ed963c11ed912", size = 9123635, upload-time = "2026-08-09T11:38:52.452Z" },
    { url = "https://files.pythonhosted.org/packages/c0/1b/da9186e5b88714c16fdb23bc4ba0bca4a75c21e3a5cf9607765773f68d22/pygame_ce-2.5.8-cp313-cp313-win_amd64.whl", hash = "sha256:f495b0eb7a5c54c59da58e964bc7f68073c3f43cf307729fd48309104a04c190", size = 9668342, upload-time = "2026-08-09T11:38:54.988Z" },
    { url = "https://files.pythonhosted.org/packages/55/d3/78136bc51be25afbd7954c22488860e80f32d9a885f6667fed8aac7df0d6/pygame_ce-2.5.8-cp313-cp313-win_arm64.whl", hash = "sha256:dea22b4d4c418bbd0bd9853ae797ecfa882436d2684ceb6063ba8b520adc8500", size = 10211021, upload-time = "2026-08-09T11:38:57.529Z" },
    { url = "https://files.pythonhosted.org/packages/4d/e6/8e83904cf4184223419345a78c905e7c1ace10228befd87eb497ba015c8c/pygame_ce-2.5.8-cp314-cp314-macosx_10_15_universal2.whl", hash = "sha256:7ec4efa6b57a194f5ad51b92211cc74b485320df951b0cc870235b2b889b9b6d", size = 16571019, upload-time = "2026-08-09T11:39:00.084Z" },
    { url = "https://files.pythonhosted.org/packages/2e/f3/4f90a0b5e86635d741111084eaa4d4c65fcab2f461edb8c9efa502e4c630/pygame_ce-2.5.8-cp314-cp314-manylinux2014_aarch64.manylinux_2_17_aarch64.whl", hash = "sha256:bb91d0bb0b5e2a4da61910d752769d4580cacffb4b7338cee57c932351c67e7b", size = 12051251, upload-time = "2026-08-09T11:39:02.561Z" },
    { url = "https://files.pythonhosted.org/packages/99/7e/b0c4f5d43261e8707353ef40cf6620d46d42f43a502c236e93ce6ea82e7b/pygame_ce-2.5.8-cp314-cp314-manylinux2014_i686.manylinux_2_17_i686.whl", hash = "sha256:68bd9c4ac42bb2549c034d56399404f16c87c56714db721ed975a759798a3d16", size = 12585932, upload-time = "2026-08-09T11:39:04.989Z" },
    { url = "https://files.pythonhosted.org/packages/dd/62/06f0ceb7f5a154e0071a4ce81a16de47b9f3b85034fa391686d489d15be5/pygame_ce-2.5.8-cp314-cp314-manylinux2014_x86_64.manylinux_2_17_x86_64.whl", hash = "sha256:0027bd2255cbb39789d9c7ff95a5f040f56d1cfeb09504497447c0ee06169a24", size = 12147357, upload-time = "2026-08-09T11:39:07.433Z" },
    { url = "https://files.pythonhosted.org/packages/05/57/14d6b40318af71cf20e4c750866795424e018f79c5a5cf3a9a74a8717c4c/pygame_ce-2.5.8-cp314-cp314-win32.whl", hash = "sha256:c5285d444e4b789ef95522bbd2b90433163ad2b89e0ae4891236fde88a027fbd", size = 9255121, upload-time = "2026-08-09T11:39:09.723Z" },
    { url = "https://files.pythonhosted.org/packages/f1/31/92d32a9bf9b78e9ef10cec7224e2f00efc957757505822af8dc4225e9b41/pygame_ce-2.5.8-cp314-cp314-win_amd64.whl", hash = "sha256:b4c2e28c201240199356952e6bd0221969d2eb8a1a15c3454d77db209bad7891", size = 9833757, upload-time = "2026-08-09T11:39:11.989Z" },
    { url = "https://files.pythonhosted.org/packages/5a/26/4024483d4a3161ed8fb8d3f3f4957580af31d468e0c31df7e6038f45ccdc/pygame_ce-2.5.8-cp314-cp314-win_arm64.whl", hash = "sha256:b23034594412456504822d3088cf5f292f63bbe415eac29735340a59999e4116", size = 10410381, upload-time = "2026-08-09T11:39:14.417Z" },
    { url = "https://files.pythonhosted.org/packages/fd/11/0b47f80b261d6379c86b9cc3fa405af5bd62af10506de7e28c2275d67b86/pygame_ce-2.5.8-cp315-cp315-macosx_10_15_universal2.whl", hash = "sha256:0a4e0804d53bae8d9aa5192fc2259b40dd084b48ea273dd7dd6e1c12b73303c4", size = 16571139, upload-time = "2026-08-09T11:39:16.979Z" },
    { url = "https://files.pythonhosted.org/packages/f1/95/694cd02641a0c0956b6c5919b56599af302524ac133551b654f550f28919/pygame_ce-2.5.8-cp315-cp315-manylinux2014_aarch64.manylinux_2_17_aarch64.whl", hash = "sha256:d7f03d38b3693c014dd47d4e281620b6756669129e545af1cd608a9484582846", size = 12051154, upload-time = "2026-08-09T11:39:19.873Z" },
    { url = "https://files.pythonhosted.org/packages/da/5e/bed22b0d07d9e96bb9a448acc9da7a235f046280264c33476f0c0753d302/pygame_ce-2.5.8-cp315-cp315-manylinux2014_i686.manylinux_2_17_i686.whl", hash = "sha256:d084b79535f3529aa157edd9401f4f33e5082f318d287029291d6596bb225105", size = 12585976, upload-time = "2026-08-09T11:39:22.555Z" },
    { url = "https://files.pythonhosted.org/packages/21/ce/8c167ba5ba736e372730ae29ef0f8cb2e62a88580e647ae987bc112eb1cb/pygame_ce-2.5.8-cp315-cp315-manylinux2014_x86_64.manylinux_2_17_x86_64.whl", hash = "sha256:d9cbf6e2648ae6d76aa8ece82187d240300cfd9f4c90860e1e466f78cf0ab14a", size = 12147466, upload-time = "2026-08-09T11:39:24.935Z" },
    { url = "https://files.pythonhosted.org/packages/63/92/c99ed51479f2d2a5d7fc9d5aa3b880e4c0fcc87f30cb95ecf325f35dd2fd/pygame_ce-2.5.8-cp315-cp315-win32.whl", hash = "sha256:312a01ff5439a0bd2e55b56683518454da4cbe4cad493d0580e9c49f6aacc2d8", size = 9254928, upload-time = "2026-08-09T11:39:29.525Z" },
    { url = "https://files.pythonhosted.org/packages/87/41/404836598d666ffe02681fd0c29f013daaa8baf18e5de5f7a5d4870b6105/pygame_ce-2.5.8-cp315-cp315-win_amd64.whl", hash = "sha256:5b789aa7e4239be025c9de8428c2c422f0811f0e3dd702b574d836fd9ae040eb", size = 9833657, upload-time = "2026-08-09T11:39:31.897Z" },
    { url = "https://files.pythonhosted.org/packages/5f/a2/7a844f772c6f0967e75d49cb10602fbb878b9daee1cc080d2b9597bcc873/pygame_ce-2.5.8-cp315-cp315-win_arm64.whl", hash = "sha256:28c4fed3870e3edf72ea7ea359bb5f64c55db0fb9cb3bdb26b4b674b4b4bcff4", size = 10410231, upload-time = "2026-08-09T11:39:34.184Z" },
]

[[package]]
name = "pygments"
version = "2.21.0"
source = { registry = "https://pypi.org/simple" }
sdist = { url = "https://files.pythonhosted.org/packages/49/2e/ced460408999b33da6b31b0021b0f37d329e202d4169aeb164493778f25b/pygments-2.21.0.tar.gz", hash = "sha256:610ca751c9bc2492b38eb9a38a7fbc93edbbb2d7182edaf34e66ae493dee5c8c", size = 5005329, upload-time = "2026-08-17T08:02:48.824Z" }
wheels = [
    { url = "https://files.pythonhosted.org/packages/71/46/17f022dd3e953bf20a04a028a21ec746d942f8d2af30fa0f124fa0e6a684/pygments-2.21.0-py3-none-any.whl", hash = "sha256:2363c69b61c4a97c838da3b130dcd6468f4848992b21a82f2a63ec34377137d9", size = 1250147, upload-time = "2026-08-17T08:02:44.912Z" },
]

[[package]]
name = "pytest"
version = "9.1.1"
source = { registry = "https://pypi.org/simple" }
dependencies = [
    { name = "colorama", marker = "sys_platform == 'win32'" },
    { name = "iniconfig" },
    { name = "packaging" },
    { name = "pluggy" },
    { name = "pygments" },
]
sdist = { url = "https://files.pythonhosted.org/packages/e4/47/b9efed96c114afcfa3c9d3fe98a76a1d14c74a9e266d397cf6eb64be5e01/pytest-9.1.1.tar.gz", hash = "sha256:1088fbde8f2b49d95a549a195707afa7a76a3ce9bcadc26b6d71f0ffda5fe313", size = 1636369, upload-time = "2026-06-19T10:58:32.857Z" }
wheels = [
    { url = "https://files.pythonhosted.org/packages/24/25/1de2678b631f5a49215c6c96fff41ba892b0a34df68d6d80292b1b48aa7f/pytest-9.1.1-py3-none-any.whl", hash = "sha256:37a86b45efb9a47a61a36449063e8e18d0cab3161329fc099eb21783169c4f0c", size = 386536, upload-time = "2026-06-19T10:58:31.347Z" },
]

[[package]]
name = "ruff"
version = "0.16.7"
source = { registry = "https://pypi.org/simple" }
sdist = { url = "https://files.pythonhosted.org/packages/82/bb/5a449b9162e49b139d72f61672bd3ac1d790221f796d3304e2241fff4c58/ruff-0.16.7.tar.gz", hash = "sha256:5f71d004ac1263b22fa39462ac5ae618a4b77d58981af2cc79bf79a29c12b1a6", size = 4924184, upload-time = "2026-09-10T18:04:06.336Z" }
wheels = [
    { url = "https://files.pythonhosted.org/packages/e3/b2/c80aeeb7f9e469c0d63a85d2f1ab6e1ebfbe10ea7a8d2438b7e09e3ff09e/ruff-0.16.7-py3-none-linux_armv6l.whl", hash = "sha256:727307773e7c7f9181d3ed3a2484186e56c1fa1874255911c74585eb2c7c19f9", size = 10048917, upload-time = "2026-09-10T18:03:30.28Z" },
    { url = "https://files.pythonhosted.org/packages/7b/96/20bb7bcae008004df52afcb7ac83432d4a467f2c17b672fe46d26be231c5/ruff-0.16.7-py3-none-macosx_10_12_x86_64.whl", hash = "sha256:9d61c258deabf58f34c67bd4bb4d939c7f2e6b5f0e59c1cdd1cf771b11cde929", size = 10242929, upload-time = "2026-09-10T18:03:32.706Z" },
    { url = "https://files.pythonhosted.org/packages/90/b2/f184b0d5abec02db69cfd7e49b688ae0237554528ca777136c613bf36bee/ruff-0.16.7-py3-none-macosx_11_0_arm64.whl", hash = "sha256:7ab81118df8945e0193d0240712aa4496573595b75185c3636ed825592a0f728", size = 9847245, upload-time = "2026-09-10T18:03:34.509Z" },
    { url = "https://files.pythonhosted.org/packages/eb/2d/db1633a641866ed801e34cc6b60ef236c5e16f9b2124ab1d49cc24a5fe4f/ruff-0.16.7-py3-none-manylinux_2_17_aarch64.manylinux2014_aarch64.whl", hash = "sha256:4c196c968874fc8019da8e7163de7a1a370f111e2309b4b7dfea0fce950198d0", size = 9961780, upload-time = "2026-09-10T18:03:36.618Z" },
    { url = "https://files.pythonhosted.org/packages/4d/98/edea21e1a3e38dbbc3bf6bb068b863b3b06184cf8533a4c7dbbe208a89d5/ruff-0.16.7-py3-none-manylinux_2_17_armv7l.manylinux2014_armv7l.whl", hash = "sha256:ac8c3bd0a7e10ad31e6ce51e7a99f3cb772e69aecdd6b9ea7e99b362f62a62c0", size = 9866337, upload-time = "2026-09-10T18:03:38.805Z" },
    { url = "https://files.pythonhosted.org/packages/0b/11/a15e60d4c87b214646f116ca9d204475bf993ee1047459bc9a360fd4d6d1/ruff-0.16.7-py3-none-manylinux_2_17_i686.manylinux2014_i686.whl", hash = "sha256:398d3988edde000b5c75dc1b3f584708da9bc990de069c18909142580fec1af9", size = 10562512, upload-time = "2026-09-10T18:03:40.71Z" },
    { url = "https://files.pythonhosted.org/packages/29/42/eaff4c9b6d0c7cdf56df313a17e89ae854f5bbc0b0c8f9cce19be0ab7a8f/ruff-0.16.7-py3-none-manylinux_2_17_ppc64le.manylinux2014_ppc64le.whl", hash = "sha256:ce05b62b770a8217c4646a9c4139fca00efe8fe5d71f87df2b243ff20d4584d1", size = 11302938, upload-time = "2026-09-10T18:03:42.607Z" },
    { url = "https://files.pythonhosted.org/packages/5d/43/c75aa59a4ec181fe2ec06cab30e198c1c6d107229a9f008ae3a7c16cabd8/ruff-0.16.7-py3-none-manylinux_2_17_s390x.manylinux2014_s390x.whl", hash = "sha256:af1b576fddb9d9ef2ececfb5fadcd6a624b25070ed85e3cfcfe449fc3ff6a7b9", size = 10840857, upload-time = "2026-09-10T18:03:44.604Z" },
    { url = "https://files.pythonhosted.org/packages/21/33/81f3da371942ea031105ba679d8d6e28ec1660ccd690a45f42d381161356/ruff-0.16.7-py3-none-manylinux_2_17_x86_64.manylinux2014_x86_64.whl", hash = "sha256:9ce7f8f22df67c93ed96c717f9128eadb797144ac2bad475cf536f31d6100c55", size = 10370001, upload-time = "2026-09-10T18:03:46.706Z" },
    { url = "https://files.pythonhosted.org/packages/fa/0b/6345fb4dbf6dd0ed1cfe5d18391dc9c3f59cc81622a7b0a65b84b3e730ba/ruff-0.16.7-py3-none-manylinux_2_31_riscv64.whl", hash = "sha256:06d0e93d04f392996435ebd600c153f65b47d73fbec2415aa99c5ee5756b3a5f", size = 10548735, upload-time = "2026-09-10T18:03:48.658Z" },
    { url = "https://files.pythonhosted.org/packages/3f/4d/c5576adf511f92a328e5569dda190ecdd430da51f1a649f3a4a2fd73e21e/ruff-0.16.7-py3-none-musllinux_1_2_aarch64.whl", hash = "sha256:142151a5e7b93c1b11111337142f89dd2fbfee92161225c99a97222f22e32656", size = 10108496, upload-time = "2026-09-10T18:03:50.563Z" },
    { url = "https://files.pythonhosted.org/packages/ff/8c/667d83c16199a17a56adc6b0bd4c3beb5b767a2babcd16a56f76f9be7fd6/ruff-0.16.7-py3-none-musllinux_1_2_armv7l.whl", hash = "sha256:e6651f97a342d8b35d54d8991544ca22169b86dc54111cb604666940c431b750", size = 9860136, upload-time = "2026-09-10T18:03:52.621Z" },
    { url = "https://files.pythonhosted.org/packages/99/75/78d401106731999a1dd20cc5a6961e37e1eb9397a3b589f73f3a5ce146a3/ruff-0.16.7-py3-none-musllinux_1_2_i686.whl", hash = "sha256:ef140c6eb935fa9a84c9c607dfb2cb1b85843c192e79265b0c54f35f557ea8e5", size = 10286290, upload-time = "2026-09-10T18:03:55.207Z" },
    { url = "https://files.pythonhosted.org/packages/68/49/56f9c3a8b755df93a0ad318b2147bf4ef5dae9a7e5ec61c460109c67957f/ruff-0.16.7-py3-none-musllinux_1_2_x86_64.whl", hash = "sha256:53e39506a730fadeee0d998ed5946f30671f0db240c6c7c73bdabbe33604bb6f", size = 10745048, upload-time = "2026-09-10T18:03:57.299Z" },
    { url = "https://files.pythonhosted.org/packages/5f/ea/7f9b938a63ece4bec677ad7f9f7fa02df3383db1949ed93a382441c09a87/ruff-0.16.7-py3-none-win32.whl", hash = "sha256:2ea3470fcebcbc5df2fb0c6f3b90333fa9084c534e0111c038fa4a6ab9f1c4b7", size = 10059082, upload-time = "2026-09-10T18:03:59.632Z" },
    { url = "https://files.pythonhosted.org/packages/39/11/480a6973a927aa653e1cead6a6416008640e03a99d05b34c0434b8c6c366/ruff-0.16.7-py3-none-win_amd64.whl", hash = "sha256:7ac26aca826e9e21d0f1cb25b54ac660760a9fdd094d3e4df9848232be98cfc6", size = 10593368, upload-time = "2026-09-10T18:04:01.999Z" },
    { url = "https://files.pythonhosted.org/packages/8b/4b/51327018d056f0dad2c2238f26d1fb0f53707a9d91b75dea6d1b3039f136/ruff-0.16.7-py3-none-win_arm64.whl", hash = "sha256:aab7f39e2c9df6c596216070f98eef1207b94f8516cca20c808826974971855b", size = 10412401, upload-time = "2026-09-10T18:04:04.098Z" },
]

[[package]]
name = "ty"
version = "0.0.80"
source = { registry = "https://pypi.org/simple" }
sdist = { url = "https://files.pythonhosted.org/packages/54/b0/6d1b10e0d422736a3c439e487c950ae785f401d71ff879d5be68bccb6d90/ty-0.0.80.tar.gz", hash = "sha256:fe86bc91327e45ff5e3593b7e306e7f57a44bc0608f38d647b8d97bd99c96013", size = 7183998, upload-time = "2026-09-09T21:18:47.547Z" }
wheels = [
    { url = "https://files.pythonhosted.org/packages/29/c8/3c93195eca282936ebb574d0ba98843e4b147ee324006f88464777012a92/ty-0.0.80-py3-none-linux_armv6l.whl", hash = "sha256:738d1cfca466c577aea24547c348629c00c63548cf7da2c46b497b3840f85dee", size = 13606509, upload-time = "2026-09-09T21:18:10.476Z" },
    { url = "https://files.pythonhosted.org/packages/e7/48/bbb47f7001c97262a5109bcd92a45bcc8a2fbb21e994c214a9897630bfb7/ty-0.0.80-py3-none-macosx_10_12_x86_64.whl", hash = "sha256:56060164bb8ee43770fa367524fbdba2611fc90f8923a02cc91f80eb37d5a1b0", size = 13203812, upload-time = "2026-09-09T21:18:12.796Z" },
    { url = "https://files.pythonhosted.org/packages/db/8d/fd141160567047b742e466be8ed09a4c4ed80fa045d37f946eb4f4532fee/ty-0.0.80-py3-none-macosx_11_0_arm64.whl", hash = "sha256:da4062e0fbf3923d9b71688157c5753394f243348f00732e9edbb27498397169", size = 13021896, upload-time = "2026-09-09T21:18:15.186Z" },
    { url = "https://files.pythonhosted.org/packages/1e/10/b4177faf9e71bc37bc4d08f512042269660a1ce0ec457c48f96e51fc91d7/ty-0.0.80-py3-none-manylinux_2_17_aarch64.manylinux2014_aarch64.whl", hash = "sha256:a9eb94b2659f506a3a07a9ea1415d5c18aaa1e554adc1612614d617a0ed320e1", size = 13083881, upload-time = "2026-09-09T21:18:17.616Z" },
    { url = "https://files.pythonhosted.org/packages/7f/c2/192d48b9a9acbbe030fc9a4bd73af75671a5566e731949f77e912a68ce68/ty-0.0.80-py3-none-manylinux_2_17_armv7l.manylinux2014_armv7l.whl", hash = "sha256:e2f5e39a87da48c1af1a3b3135f02be7a83a93da30b0d6a5f5d27806e7c747ce", size = 13354874, upload-time = "2026-09-09T21:18:19.744Z" },
    { url = "https://files.pythonhosted.org/packages/0a/5b/736dfd31efd98bed9dbe018ff91676e5ea83485b1e24afb635fd0247728f/ty-0.0.80-py3-none-manylinux_2_17_i686.manylinux2014_i686.whl", hash = "sha256:4e00149e7779c6b98f3ba12e10a631a861bd7ca1a42bbf064e2677ada7d2c0c2", size = 14204805, upload-time = "2026-09-09T21:18:21.999Z" },
    { url = "https://files.pythonhosted.org/packages/fd/6f/557c726cb53401998e3589bb632c963a6887a70240e0a4386024f3731c81/ty-0.0.80-py3-none-manylinux_2_17_ppc64le.manylinux2014_ppc64le.whl", hash = "sha256:a377268f359fb6e7a2cc9026a09223c764f58d020dec8e6baeaba9caba6ff829", size = 14630014, upload-time = "2026-09-09T21:18:24Z" },
    { url = "https://files.pythonhosted.org/packages/e9/19/7a4b18fe27f6b6bd4ffa56b67c8b09ecb76bb4312d1c64b73f65417b4dbd/ty-0.0.80-py3-none-manylinux_2_17_s390x.manylinux2014_s390x.whl", hash = "sha256:4511dbf1b266b9ce5b73e9b28d94468096c2b6da00e2fe205168c32d3b352ca7", size = 14326946, upload-time = "2026-09-09T21:18:26.679Z" },
    { url = "https://files.pythonhosted.org/packages/f8/95/16dd90805fc7e53ec54ae9fdb1a8b74753fb159a55a170f60f49b9417824/ty-0.0.80-py3-none-manylinux_2_17_x86_64.manylinux2014_x86_64.whl", hash = "sha256:fe95feffa7156800c6f804195acb9fb5846a39671c7192c30fff23351aaf7c31", size = 13705988, upload-time = "2026-09-09T21:18:28.681Z" },
    { url = "https://files.pythonhosted.org/packages/b1/09/4e87992c23ab8a742c7d4914ac5fe66fb9301c8464a69fd2ecbc0be3fbcd/ty-0.0.80-py3-none-manylinux_2_31_riscv64.whl", hash = "sha256:ba26b39f06bc8c3c2c5acd3a147239482b36620cdbca1b9d02e915294854f2cc", size = 14233729, upload-time = "2026-09-09T21:18:30.961Z" },
    { url = "https://files.pythonhosted.org/packages/36/e9/b8c11fda8e66a1d1cc1a7160ed719a33f4dc0107b1cef6a14e2673965763/ty-0.0.80-py3-none-musllinux_1_2_aarch64.whl", hash = "sha256:2e6167320888c115a6fbe69893b63fd1c848f9121a454e75e5f612674528e3f3", size = 13173523, upload-time = "2026-09-09T21:18:33.266Z" },
    { url = "https://files.pythonhosted.org/packages/73/a7/512083fa540c5be1ac8642658f03bfb5bfa6fd168ea4f55e3c0aabe04166/ty-0.0.80-py3-none-musllinux_1_2_armv7l.whl", hash = "sha256:7aecb62b4de70b479eab07d1779ea66da26dd8b068f50a9330867157312f103c", size = 13373014, upload-time = "2026-09-09T21:18:35.339Z" },
    { url = "https://files.pythonhosted.org/packages/5e/63/cd2f0ca81fd9b8cafef93bbcf022bf636bc4de8ee7465c6aafeec1d4d52b/ty-0.0.80-py3-none-musllinux_1_2_i686.whl", hash = "sha256:4fed06adacd16b7e2d722f37449021b1419598d0440769701c0f4827faddde63", size = 13667827, upload-time = "2026-09-09T21:18:37.241Z" },
    { url = "https://files.pythonhosted.org/packages/0d/5d/ebdfdcb2dc099ae74dc4b75511eef0dd398b2fa27006c543543974b4567f/ty-0.0.80-py3-none-musllinux_1_2_x86_64.whl", hash = "sha256:09329af6303ce611ec2cfffc995dc1ddf76c9f47194fc1a4d64a984759c25f5b", size = 13963866, upload-time = "2026-09-09T21:18:39.386Z" },
    { url = "https://files.pythonhosted.org/packages/c4/f6/c286d5e1b560cfd16d6e91fdab683718aacf09fc88938ca06dcc9d1c8502/ty-0.0.80-py3-none-win32.whl", hash = "sha256:a81b3b512f7b4c68e42fbd1835633de658809666e9aafd5defa52bbc5197698d", size = 12881806, upload-time = "2026-09-09T21:18:41.507Z" },
    { url = "https://files.pythonhosted.org/packages/fd/c8/3b3a8ac16d47a23ff34bf57c0d99a491860748aea96e0e886b4bfed54f9b/ty-0.0.80-py3-none-win_amd64.whl", hash = "sha256:8043f99878a2ae434781cb881c8a3840dff70c4a5b60bdc5ae84251f35ee063f", size = 13528883, upload-time = "2026-09-09T21:18:43.687Z" },
    { url = "https://files.pythonhosted.org/packages/2e/71/a6c697930fca76596d7d17f8853120f41a298fd9ea632c901cfca8ca869b/ty-0.0.80-py3-none-win_arm64.whl", hash = "sha256:e277ef034331da5319efc839c064968d24f35715b71c70369cf97d36fe4dcbdb", size = 13370135, upload-time = "2026-09-09T21:18:45.758Z" },
]

[[package]]
name = "uv-build"
version = "0.12.17"
source = { registry = "https://pypi.org/simple" }
sdist = { url = "https://files.pythonhosted.org/packages/20/9f/5c5f20881351da8996bfb7568ff3c79d9f892584e7113ee586ddf97f3350/uv_build-0.12.17.tar.gz", hash = "sha256:ae5cd835cf479a76efb161ddb9c6411acf63f5687dacd3d56d15e9a5783f740f", size = 434807, upload-time = "2026-09-18T18:57:07.798Z" }
wheels = [
    { url = "https://files.pythonhosted.org/packages/29/5a/d61a97992fa4ae36b1b12759e6b5eeb47d1d45955f21dda7554ec9e3713a/uv_build-0.12.17-py3-none-linux_armv6l.whl", hash = "sha256:cdfe1cfc683ba347364e97a8d791833734c2fecf0c5000399d650dbc10ce2b56", size = 1523361, upload-time = "2026-09-18T18:56:43.109Z" },
    { url = "https://files.pythonhosted.org/packages/81/e7/f90bb1a5a34d15bc62bcf490c63b082fb8c64a3dc8ce2d7730a57f9251f7/uv_build-0.12.17-py3-none-macosx_10_12_x86_64.whl", hash = "sha256:e51a6df23ad82099ead3e78c8393edddc99301ec1483f41b81132495241ec7a5", size = 1440082, upload-time = "2026-09-18T18:56:44.841Z" },
    { url = "https://files.pythonhosted.org/packages/5c/11/1fdd1c92dbf637e918ff4ade90c57447205c7fa731522e534cb4593ca9bd/uv_build-0.12.17-py3-none-macosx_11_0_arm64.whl", hash = "sha256:ef4ffa9646d6b18adacd735c0034834bf31b948db76418fb9e56f6e67417de25", size = 1343771, upload-time = "2026-09-18T18:56:46.084Z" },
    { url = "https://files.pythonhosted.org/packages/3d/05/7f439bc0709154b6c6e2ef09fbe02f7b196c0e9d5c1a5db45ea4bb2150e1/uv_build-0.12.17-py3-none-manylinux_2_17_aarch64.manylinux2014_aarch64.musllinux_1_1_aarch64.whl", hash = "sha256:8b312d28def70ae474c48f702e9e447cdefbf317af599b8b0a4b98739595f02e", size = 1600893, upload-time = "2026-09-18T18:56:47.538Z" },
    { url = "https://files.pythonhosted.org/packages/ec/4e/bfb98c7ed8fd1917cac2a1401dff1442fe31d92fe30a1cbb0a949d501382/uv_build-0.12.17-py3-none-manylinux_2_17_armv7l.manylinux2014_armv7l.whl", hash = "sha256:c73987aca20f9fb65d1ad75bb0f919e2bbf5487151c6a0c00c27316cddc4e74a", size = 1488877, upload-time = "2026-09-18T18:56:48.923Z" },
    { url = "https://files.pythonhosted.org/packages/6c/cc/9d4a9ccda4cdbc77fb9eb467f3ef1d411d8d9e210b6f99ec0ead8d0d1d45/uv_build-0.12.17-py3-none-manylinux_2_17_i686.manylinux2014_i686.whl", hash = "sha256:6e24fb4efd41dee79d954adeee1d3e7b11321fd1e96c19242e2433b420396f25", size = 1645063, upload-time = "2026-09-18T18:56:50.097Z" },
    { url = "https://files.pythonhosted.org/packages/d6/22/8e54f969de0dbec09f1a7d758a1448a5906a7255fcac9a4f38be2ddc1120/uv_build-0.12.17-py3-none-manylinux_2_17_ppc64le.manylinux2014_ppc64le.whl", hash = "sha256:7b5b12ba39b71dac16d1ec5236ca1d3797aff1f6c77bf315d20c28f12a828d6e", size = 1679954, upload-time = "2026-09-18T18:56:51.307Z" },
    { url = "https://files.pythonhosted.org/packages/da/eb/1874234d3e3ce893a9b315b1013aba5f2b5ec6bc93c3c4decd23c4db52df/uv_build-0.12.17-py3-none-manylinux_2_17_s390x.manylinux2014_s390x.whl", hash = "sha256:96df9082fd12b262cdf34b030b8245574301c684a252fa535a512f09b0c03095", size = 1582855, upload-time = "2026-09-18T18:56:52.617Z" },
    { url = "https://files.pythonhosted.org/packages/2c/1d/a6c7f2fd6ad25d45b4a05722e2ba111259eeaca63fe987ab642c44969632/uv_build-0.12.17-py3-none-manylinux_2_17_x86_64.manylinux2014_x86_64.whl", hash = "sha256:73153b82a6b631bdfe8195184674179fe7bb11efc79108e8bd44f0df254422ab", size = 1607963, upload-time = "2026-09-18T18:56:53.898Z" },
    { url = "https://files.pythonhosted.org/packages/04/52/e52368fdca18e641491bf7e417b2942cf5f7e9bf33b0111fd726fd637340/uv_build-0.12.17-py3-none-manylinux_2_28_aarch64.whl", hash = "sha256:75dbbae0fb96016ee1780d49532ce443145c506ededb2044818b5a3822e32994", size = 1607141, upload-time = "2026-09-18T18:56:55.007Z" },
    { url = "https://files.pythonhosted.org/packages/8c/41/e5a82be53599909f74943459aac43db6e6b0255a14b19996b3f1961feb6c/uv_build-0.12.17-py3-none-manylinux_2_31_riscv64.whl", hash = "sha256:e3bdeeabe434b0862794514d8b57d2e8636fa95a71a4c168fa31d68febb567e8", size = 1569897, upload-time = "2026-09-18T18:56:56.184Z" },
    { url = "https://files.pythonhosted.org/packages/2a/6d/81decbb8519c8cec2307aa0bd20a1177437b8d7d8826cda3b9eed874b24c/uv_build-0.12.17-py3-none-musllinux_1_1_armv7l.whl", hash = "sha256:4dfe6f81d6c6d107b14c5ce4a45b72d2e2c7a8ed0054048c8b3f318fc8186715", size = 1501748, upload-time = "2026-09-18T18:56:57.396Z" },
    { url = "https://files.pythonhosted.org/packages/d8/3f/5981549f89f68a4d59463a139e52734c27a61b3c4d421a0a577946e126df/uv_build-0.12.17-py3-none-musllinux_1_1_i686.whl", hash = "sha256:e0c37e8fd5e90dd4e93faad4593e3f7c2f57f69fb9b22215528ea1885b91b2ef", size = 1597332, upload-time = "2026-09-18T18:56:58.619Z" },
    { url = "https://files.pythonhosted.org/packages/1e/ba/24179339aa1261112e8215d6af3ff37290a794c057ae155e8c5ba17af341/uv_build-0.12.17-py3-none-musllinux_1_1_riscv64.whl", hash = "sha256:7227c7105e586cc22f677da651d9558951e70c6f6e44b4244a11f6c5e4d2d73c", size = 1589068, upload-time = "2026-09-18T18:57:00.015Z" },
    { url = "https://files.pythonhosted.org/packages/c1/2e/9797f10f8f326744a0c6f5df7e15c5bd346a0bffb3219c0d01d2ea076976/uv_build-0.12.17-py3-none-musllinux_1_1_x86_64.whl", hash = "sha256:e7b84076d783f226257449efea2c1ee71f20835b2aa706117f7a09e34da51d81", size = 1667896, upload-time = "2026-09-18T18:57:01.278Z" },
    { url = "https://files.pythonhosted.org/packages/d8/d6/c60121b4333e267524fde28afa7407abafb51eccc3a8d1692954df1289c9/uv_build-0.12.17-py3-none-win32.whl", hash = "sha256:e9aa7b18e946f314670864455f2d12e6c712ab31a39fc5146d0840a919c9a348", size = 1374031, upload-time = "2026-09-18T18:57:02.526Z" },
    { url = "https://files.pythonhosted.org/packages/c3/bb/9df578acf3a8e9f2a7489380a8d31410bcddc98282300bd8227949eccadd/uv_build-0.12.17-py3-none-win_amd64.whl", hash = "sha256:d0aec6d7d56fb038b4a4ef4612e1cf9424a25e21939dde7fe9a545669f2bf5c7", size = 1434972, upload-time = "2026-09-18T18:57:04.335Z" },
    { url = "https://files.pythonhosted.org/packages/4d/d3/03dbd9743ffb1e85f50195334d81f5d56b2ccde479f6f594e15b37cb93d6/uv_build-0.12.17-py3-none-win_arm64.whl", hash = "sha256:d704243f071b2fe661ec7beb9361c197f8f2c657b749e86d57c1ac5a5aaa8301", size = 1349489, upload-time = "2026-09-18T18:57:05.648Z" },
]
